
Microsoft Visual Studio Solution File, Format Version 12.00
# Visual Studio Version 17
VisualStudioVersion = 17.10.34928.147
MinimumVisualStudioVersion = 10.0.40219.1
Project("{FAE04EC0-301F-11D3-BF4B-00C04F79EFBC}") = "vehiculosmecsa", "CheckCars\vehiculosmecsa.csproj", "{B5969EA8-1B94-4581-A1CF-CF2F55873480}"
EndProject
Global
	GlobalSection(SolutionConfigurationPlatforms) = preSolution
		Debug|Any CPU = Debug|Any CPU
		Release|Any CPU = Release|Any CPU
	EndGlobalSection
	GlobalSection(ProjectConfigurationPlatforms) = postSolution
		{B5969EA8-1B94-4581-A1CF-CF2F55873480}.Debug|Any CPU.ActiveCfg = Debug|Any CPU
		{B5969EA8-1B94-4581-A1CF-CF2F55873480}.Debug|Any CPU.Build.0 = Debug|Any CPU
		{B5969EA8-1B94-4581-A1CF-CF2F55873480}.Debug|Any CPU.Deploy.0 = Debug|Any CPU
		{B5969EA8-1B94-4581-A1CF-CF2F55873480}.Release|Any CPU.ActiveCfg = Release|Any CPU
		{B5969EA8-1B94-4581-A1CF-CF2F55873480}.Release|Any CPU.Build.0 = Release|Any CPU
		{B5969EA8-1B94-4581-A1CF-CF2F55873480}.Release|Any CPU.Deploy.0 = Release|Any CPU
	EndGlobalSection
	GlobalSection(SolutionProperties) = preSolution
		HideSolutionNode = FALSE
	EndGlobalSection
	GlobalSection(ExtensibilityGlobals) = postSolution
		SolutionGuid = {791EEB54-D92C-40F1-A1A0-871FDB47B476}
	EndGlobalSection
EndGlobal
